// !$*UTF8*$!
{
	archiveVersion = 1;
	classes = {
	};
	objectVersion = 46;
	objects = {

/* Begin PBXBuildFile section */
		8C2A2E591E94F04300537575 /* CommentsVC.swift in Sources */ = {isa = PBXBuildFile; fileRef = 8C2A2E581E94F04300537575 /* CommentsVC.swift */; };
		8C4693691F5D95BA0040CE86 /* CommentCell.swift in Sources */ = {isa = PBXBuildFile; fileRef = 8C4693681F5D95BA0040CE86 /* CommentCell.swift */; };
		8C46936C1F5DC8060040CE86 /* Comment.swift in Sources */ = {isa = PBXBuildFile; fileRef = 8C46936B1F5DC8060040CE86 /* Comment.swift */; };
		8C46936E1F5EE3850040CE86 /* ShadowSortView.swift in Sources */ = {isa = PBXBuildFile; fileRef = 8C46936D1F5EE3850040CE86 /* ShadowSortView.swift */; };
		8C4693701F6011C00040CE86 /* CatChatPrivacyPolicy.txt in Resources */ = {isa = PBXBuildFile; fileRef = 8C46936F1F6011C00040CE86 /* CatChatPrivacyPolicy.txt */; };
		8C9D296A1F3F407C00C95BC7 /* EmailSignInVC.swift in Sources */ = {isa = PBXBuildFile; fileRef = 8C9D29691F3F407C00C95BC7 /* EmailSignInVC.swift */; };
		8C9D296C1F41A29800C95BC7 /* RoundView.swift in Sources */ = {isa = PBXBuildFile; fileRef = 8C9D296B1F41A29800C95BC7 /* RoundView.swift */; };
		8C9D296E1F4305DB00C95BC7 /* RoundedCnrView.swift in Sources */ = {isa = PBXBuildFile; fileRef = 8C9D296D1F4305DB00C95BC7 /* RoundedCnrView.swift */; };
		8C9D29721F43333C00C95BC7 /* ShadowView.swift in Sources */ = {isa = PBXBuildFile; fileRef = 8C9D29711F43333C00C95BC7 /* ShadowView.swift */; };
		8C9D29741F43471800C95BC7 /* addPostVC.swift in Sources */ = {isa = PBXBuildFile; fileRef = 8C9D29731F43471800C95BC7 /* addPostVC.swift */; };
		8C9D29761F442D9D00C95BC7 /* UserProfileVC.swift in Sources */ = {isa = PBXBuildFile; fileRef = 8C9D29751F442D9D00C95BC7 /* UserProfileVC.swift */; };
		8C9D297A1F443EB100C95BC7 /* TextViewStyle.swift in Sources */ = {isa = PBXBuildFile; fileRef = 8C9D29791F443EB100C95BC7 /* TextViewStyle.swift */; };
		8C9D297C1F4457D300C95BC7 /* RoundedCnrImg.swift in Sources */ = {isa = PBXBuildFile; fileRef = 8C9D297B1F4457D300C95BC7 /* RoundedCnrImg.swift */; };
		8CB63A821E894F3A00833C0B /* AppDelegate.swift in Sources */ = {isa = PBXBuildFile; fileRef = 8CB63A811E894F3A00833C0B /* AppDelegate.swift */; };
		8CB63A841E894F3A00833C0B /* SignInVC.swift in Sources */ = {isa = PBXBuildFile; fileRef = 8CB63A831E894F3A00833C0B /* SignInVC.swift */; };
		8CB63A871E894F3A00833C0B /* Main.storyboard in Resources */ = {isa = PBXBuildFile; fileRef = 8CB63A851E894F3A00833C0B /* Main.storyboard */; };
		8CB63A891E894F3A00833C0B /* Assets.xcassets in Resources */ = {isa = PBXBuildFile; fileRef = 8CB63A881E894F3A00833C0B /* Assets.xcassets */; };
		8CB63A8C1E894F3A00833C0B /* LaunchScreen.storyboard in Resources */ = {isa = PBXBuildFile; fileRef = 8CB63A8A1E894F3A00833C0B /* LaunchScreen.storyboard */; };
		8CB63A941E894FF400833C0B /* GoogleService-Info.plist in Resources */ = {isa = PBXBuildFile; fileRef = 8CB63A931E894FF400833C0B /* GoogleService-Info.plist */; };
		8CB63A9B1E895E2300833C0B /* Albondigas.ttf in Resources */ = {isa = PBXBuildFile; fileRef = 8CB63A9A1E895E2300833C0B /* Albondigas.ttf */; };
		8CB63A9D1E897F2300833C0B /* FancyView.swift in Sources */ = {isa = PBXBuildFile; fileRef = 8CB63A9C1E897F2300833C0B /* FancyView.swift */; };
		8CB63AA11E897FE500833C0B /* Constants.swift in Sources */ = {isa = PBXBuildFile; fileRef = 8CB63AA01E897FE500833C0B /* Constants.swift */; };
		8CB63AA31E8981B600833C0B /* RoundButton.swift in Sources */ = {isa = PBXBuildFile; fileRef = 8CB63AA21E8981B600833C0B /* RoundButton.swift */; };
		8CB63AA51E89834000833C0B /* FancyField.swift in Sources */ = {isa = PBXBuildFile; fileRef = 8CB63AA41E89834000833C0B /* FancyField.swift */; };
		8CB63AA71E89846C00833C0B /* FancyButton.swift in Sources */ = {isa = PBXBuildFile; fileRef = 8CB63AA61E89846C00833C0B /* FancyButton.swift */; };
		8CB63AAD1E8A6D0700833C0B /* FeedVC.swift in Sources */ = {isa = PBXBuildFile; fileRef = 8CB63AAC1E8A6D0700833C0B /* FeedVC.swift */; };
		8CB63AAF1E8A7E1E00833C0B /* CircleView.swift in Sources */ = {isa = PBXBuildFile; fileRef = 8CB63AAE1E8A7E1E00833C0B /* CircleView.swift */; };
		8CB63AB11E8AAEEB00833C0B /* PostCell.swift in Sources */ = {isa = PBXBuildFile; fileRef = 8CB63AB01E8AAEEB00833C0B /* PostCell.swift */; };
		8CB63AB41E8BAC2800833C0B /* DataService.swift in Sources */ = {isa = PBXBuildFile; fileRef = 8CB63AB31E8BAC2800833C0B /* DataService.swift */; };
		8CB63AB61E8BD53100833C0B /* Post.swift in Sources */ = {isa = PBXBuildFile; fileRef = 8CB63AB51E8BD53100833C0B /* Post.swift */; };
		8CB63AB81E91014500833C0B /* HeaderView.swift in Sources */ = {isa = PBXBuildFile; fileRef = 8CB63AB71E91014500833C0B /* HeaderView.swift */; };
		8CB63ABA1E91025700833C0B /* AccountSetupVC.swift in Sources */ = {isa = PBXBuildFile; fileRef = 8CB63AB91E91025700833C0B /* AccountSetupVC.swift */; };
		93C4F9BDC88DD007D3817789 /* Pods_Social.framework in Frameworks */ = {isa = PBXBuildFile; fileRef = 49264DCB0C970B9E0DAA8601 /* Pods_Social.framework */; };
/* End PBXBuildFile section */

/* Begin PBXFileReference section */
		1D7E849D5D543D079B7D1F4B /* Pods-Social.release.xcconfig */ = {isa = PBXFileReference; includeInIndex = 1; lastKnownFileType = text.xcconfig; name = "Pods-Social.release.xcconfig"; path = "Pods/Target Support Files/Pods-Social/Pods-Social.release.xcconfig"; sourceTree = "<group>"; };
		49264DCB0C970B9E0DAA8601 /* Pods_Social.framework */ = {isa = PBXFileReference; explicitFileType = wrapper.framework; includeInIndex = 0; path = Pods_Social.framework; sourceTree = BUILT_PRODUCTS_DIR; };
		8C2A2E581E94F04300537575 /* CommentsVC.swift */ = {isa = PBXFileReference; fileEncoding = 4; lastKnownFileType = sourcecode.swift; path = CommentsVC.swift; sourceTree = "<group>"; };
		8C4693681F5D95BA0040CE86 /* CommentCell.swift */ = {isa = PBXFileReference; fileEncoding = 4; lastKnownFileType = sourcecode.swift; path = CommentCell.swift; sourceTree = "<group>"; };
		8C46936B1F5DC8060040CE86 /* Comment.swift */ = {isa = PBXFileReference; fileEncoding = 4; lastKnownFileType = sourcecode.swift; path = Comment.swift; sourceTree = "<group>"; };
		8C46936D1F5EE3850040CE86 /* ShadowSortView.swift */ = {isa = PBXFileReference; fileEncoding = 4; lastKnownFileType = sourcecode.swift; path = ShadowSortView.swift; sourceTree = "<group>"; };
		8C46936F1F6011C00040CE86 /* CatChatPrivacyPolicy.txt */ = {isa = PBXFileReference; fileEncoding = 4; lastKnownFileType = text; path = CatChatPrivacyPolicy.txt; sourceTree = "<group>"; };
		8C9D29691F3F407C00C95BC7 /* EmailSignInVC.swift */ = {isa = PBXFileReference; fileEncoding = 4; lastKnownFileType = sourcecode.swift; path = EmailSignInVC.swift; sourceTree = "<group>"; };
		8C9D296B1F41A29800C95BC7 /* RoundView.swift */ = {isa = PBXFileReference; fileEncoding = 4; lastKnownFileType = sourcecode.swift; path = RoundView.swift; sourceTree = "<group>"; };
		8C9D296D1F4305DB00C95BC7 /* RoundedCnrView.swift */ = {isa = PBXFileReference; fileEncoding = 4; lastKnownFileType = sourcecode.swift; path = RoundedCnrView.swift; sourceTree = "<group>"; };
		8C9D29711F43333C00C95BC7 /* ShadowView.swift */ = {isa = PBXFileReference; fileEncoding = 4; lastKnownFileType = sourcecode.swift; path = ShadowView.swift; sourceTree = "<group>"; };
		8C9D29731F43471800C95BC7 /* addPostVC.swift */ = {isa = PBXFileReference; fileEncoding = 4; lastKnownFileType = sourcecode.swift; path = addPostVC.swift; sourceTree = "<group>"; };
		8C9D29751F442D9D00C95BC7 /* UserProfileVC.swift */ = {isa = PBXFileReference; fileEncoding = 4; lastKnownFileType = sourcecode.swift; path = UserProfileVC.swift; sourceTree = "<group>"; };
		8C9D29791F443EB100C95BC7 /* TextViewStyle.swift */ = {isa = PBXFileReference; fileEncoding = 4; lastKnownFileType = sourcecode.swift; path = TextViewStyle.swift; sourceTree = "<group>"; };
		8C9D297B1F4457D300C95BC7 /* RoundedCnrImg.swift */ = {isa = PBXFileReference; fileEncoding = 4; lastKnownFileType = sourcecode.swift; path = RoundedCnrImg.swift; sourceTree = "<group>"; };
		8CB63A7E1E894F3A00833C0B /* Social.app */ = {isa = PBXFileReference; explicitFileType = wrapper.application; includeInIndex = 0; path = Social.app; sourceTree = BUILT_PRODUCTS_DIR; };
		8CB63A811E894F3A00833C0B /* AppDelegate.swift */ = {isa = PBXFileReference; lastKnownFileType = sourcecode.swift; path = AppDelegate.swift; sourceTree = "<group>"; };
		8CB63A831E894F3A00833C0B /* SignInVC.swift */ = {isa = PBXFileReference; lastKnownFileType = sourcecode.swift; path = SignInVC.swift; sourceTree = "<group>"; };
		8CB63A861E894F3A00833C0B /* Base */ = {isa = PBXFileReference; lastKnownFileType = file.storyboard; name = Base; path = Base.lproj/Main.storyboard; sourceTree = "<group>"; };
		8CB63A881E894F3A00833C0B /* Assets.xcassets */ = {isa = PBXFileReference; lastKnownFileType = folder.assetcatalog; path = Assets.xcassets; sourceTree = "<group>"; };
		8CB63A8B1E894F3A00833C0B /* Base */ = {isa = PBXFileReference; lastKnownFileType = file.storyboard; name = Base; path = Base.lproj/LaunchScreen.storyboard; sourceTree = "<group>"; };
		8CB63A8D1E894F3A00833C0B /* Info.plist */ = {isa = PBXFileReference; lastKnownFileType = text.plist.xml; path = Info.plist; sourceTree = "<group>"; };
		8CB63A931E894FF400833C0B /* GoogleService-Info.plist */ = {isa = PBXFileReference; fileEncoding = 4; lastKnownFileType = text.plist.xml; path = "GoogleService-Info.plist"; sourceTree = "<group>"; };
		8CB63A9A1E895E2300833C0B /* Albondigas.ttf */ = {isa = PBXFileReference; lastKnownFileType = file; name = Albondigas.ttf; path = ../Albondigas.ttf; sourceTree = "<group>"; };
		8CB63A9C1E897F2300833C0B /* FancyView.swift */ = {isa = PBXFileReference; fileEncoding = 4; lastKnownFileType = sourcecode.swift; path = FancyView.swift; sourceTree = "<group>"; };
		8CB63AA01E897FE500833C0B /* Constants.swift */ = {isa = PBXFileReference; fileEncoding = 4; lastKnownFileType = sourcecode.swift; path = Constants.swift; sourceTree = "<group>"; };
		8CB63AA21E8981B600833C0B /* RoundButton.swift */ = {isa = PBXFileReference; fileEncoding = 4; lastKnownFileType = sourcecode.swift; path = RoundButton.swift; sourceTree = "<group>"; };
		8CB63AA41E89834000833C0B /* FancyField.swift */ = {isa = PBXFileReference; fileEncoding = 4; lastKnownFileType = sourcecode.swift; path = FancyField.swift; sourceTree = "<group>"; };
		8CB63AA61E89846C00833C0B /* FancyButton.swift */ = {isa = PBXFileReference; fileEncoding = 4; lastKnownFileType = sourcecode.swift; path = FancyButton.swift; sourceTree = "<group>"; };
		8CB63AAB1E89AD2100833C0B /* Social.entitlements */ = {isa = PBXFileReference; lastKnownFileType = text.plist.entitlements; path = Social.entitlements; sourceTree = "<group>"; };
		8CB63AAC1E8A6D0700833C0B /* FeedVC.swift */ = {isa = PBXFileReference; fileEncoding = 4; lastKnownFileType = sourcecode.swift; path = FeedVC.swift; sourceTree = "<group>"; };
		8CB63AAE1E8A7E1E00833C0B /* CircleView.swift */ = {isa = PBXFileReference; fileEncoding = 4; lastKnownFileType = sourcecode.swift; path = CircleView.swift; sourceTree = "<group>"; };
		8CB63AB01E8AAEEB00833C0B /* PostCell.swift */ = {isa = PBXFileReference; fileEncoding = 4; lastKnownFileType = sourcecode.swift; path = PostCell.swift; sourceTree = "<group>"; };
		8CB63AB31E8BAC2800833C0B /* DataService.swift */ = {isa = PBXFileReference; fileEncoding = 4; lastKnownFileType = sourcecode.swift; path = DataService.swift; sourceTree = "<group>"; };
		8CB63AB51E8BD53100833C0B /* Post.swift */ = {isa = PBXFileReference; fileEncoding = 4; lastKnownFileType = sourcecode.swift; path = Post.swift; sourceTree = "<group>"; };
		8CB63AB71E91014500833C0B /* HeaderView.swift */ = {isa = PBXFileReference; fileEncoding = 4; lastKnownFileType = sourcecode.swift; path = HeaderView.swift; sourceTree = "<group>"; };
		8CB63AB91E91025700833C0B /* AccountSetupVC.swift */ = {isa = PBXFileReference; fileEncoding = 4; lastKnownFileType = sourcecode.swift; path = AccountSetupVC.swift; sourceTree = "<group>"; };
		BFAA7260216BCC5F799858AA /* Pods-Social.debug.xcconfig */ = {isa = PBXFileReference; includeInIndex = 1; lastKnownFileType = text.xcconfig; name = "Pods-Social.debug.xcconfig"; path = "Pods/Target Support Files/Pods-Social/Pods-Social.debug.xcconfig"; sourceTree = "<group>"; };
/* End PBXFileReference section */

/* Begin PBXFrameworksBuildPhase section */
		8CB63A7B1E894F3A00833C0B /* Frameworks */ = {
			isa = PBXFrameworksBuildPhase;
			buildActionMask = 2147483647;
			files = (
				93C4F9BDC88DD007D3817789 /* Pods_Social.framework in Frameworks */,
			);
			runOnlyForDeploymentPostprocessing = 0;
		};
/* End PBXFrameworksBuildPhase section */

/* Begin PBXGroup section */
		8A6C7EA45595758C1CF6CA38 /* Frameworks */ = {
			isa = PBXGroup;
			children = (
				49264DCB0C970B9E0DAA8601 /* Pods_Social.framework */,
			);
			name = Frameworks;
			sourceTree = "<group>";
		};
		8C4693521F59D9410040CE86 /* Cell */ = {
			isa = PBXGroup;
			children = (
				8CB63AB01E8AAEEB00833C0B /* PostCell.swift */,
				8C4693681F5D95BA0040CE86 /* CommentCell.swift */,
			);
			name = Cell;
			sourceTree = "<group>";
		};
		8C4693531F59D9780040CE86 /* Appearance */ = {
			isa = PBXGroup;
			children = (
				8CB63AB71E91014500833C0B /* HeaderView.swift */,
				8CB63A9C1E897F2300833C0B /* FancyView.swift */,
				8C9D296B1F41A29800C95BC7 /* RoundView.swift */,
				8C9D296D1F4305DB00C95BC7 /* RoundedCnrView.swift */,
				8CB63AA21E8981B600833C0B /* RoundButton.swift */,
				8CB63AA41E89834000833C0B /* FancyField.swift */,
				8CB63AA61E89846C00833C0B /* FancyButton.swift */,
				8CB63AAE1E8A7E1E00833C0B /* CircleView.swift */,
				8C9D297B1F4457D300C95BC7 /* RoundedCnrImg.swift */,
				8C9D29711F43333C00C95BC7 /* ShadowView.swift */,
				8C46936D1F5EE3850040CE86 /* ShadowSortView.swift */,
				8C9D29791F443EB100C95BC7 /* TextViewStyle.swift */,
			);
			name = Appearance;
			sourceTree = "<group>";
		};
		8CB63A751E894F3900833C0B = {
			isa = PBXGroup;
			children = (
				8CB63A801E894F3A00833C0B /* Social */,
				8CB63A7F1E894F3A00833C0B /* Products */,
				A88240D111490A97BA4F9E6D /* Pods */,
				8A6C7EA45595758C1CF6CA38 /* Frameworks */,
			);
			sourceTree = "<group>";
		};
		8CB63A7F1E894F3A00833C0B /* Products */ = {
			isa = PBXGroup;
			children = (
				8CB63A7E1E894F3A00833C0B /* Social.app */,
			);
			name = Products;
			sourceTree = "<group>";
		};
		8CB63A801E894F3A00833C0B /* Social */ = {
			isa = PBXGroup;
			children = (
				8CB63AB21E8BAC0C00833C0B /* Services */,
				8CB63A951E89527E00833C0B /* Model */,
				8CB63A961E89528400833C0B /* View */,
				8CB63A971E89528900833C0B /* Controller */,
				8CB63A9F1E897FB100833C0B /* Resources */,
				8CB63A9E1E897FA800833C0B /* Utilities */,
				8CB63A811E894F3A00833C0B /* AppDelegate.swift */,
				8CB63A851E894F3A00833C0B /* Main.storyboard */,
				8CB63A881E894F3A00833C0B /* Assets.xcassets */,
				8CB63A8A1E894F3A00833C0B /* LaunchScreen.storyboard */,
				8CB63A8D1E894F3A00833C0B /* Info.plist */,
				8CB63A931E894FF400833C0B /* GoogleService-Info.plist */,
				8CB63AAB1E89AD2100833C0B /* Social.entitlements */,
			);
			path = Social;
			sourceTree = "<group>";
		};
		8CB63A951E89527E00833C0B /* Model */ = {
			isa = PBXGroup;
			children = (
				8CB63AB51E8BD53100833C0B /* Post.swift */,
				8C46936B1F5DC8060040CE86 /* Comment.swift */,
			);
			name = Model;
			sourceTree = "<group>";
		};
		8CB63A961E89528400833C0B /* View */ = {
			isa = PBXGroup;
			children = (
				8C4693531F59D9780040CE86 /* Appearance */,
				8C4693521F59D9410040CE86 /* Cell */,
			);
			name = View;
			sourceTree = "<group>";
		};
		8CB63A971E89528900833C0B /* Controller */ = {
			isa = PBXGroup;
			children = (
				8CB63A831E894F3A00833C0B /* SignInVC.swift */,
				8C9D29691F3F407C00C95BC7 /* EmailSignInVC.swift */,
				8CB63AB91E91025700833C0B /* AccountSetupVC.swift */,
				8CB63AAC1E8A6D0700833C0B /* FeedVC.swift */,
				8C9D29731F43471800C95BC7 /* addPostVC.swift */,
				8C9D29751F442D9D00C95BC7 /* UserProfileVC.swift */,
				8C2A2E581E94F04300537575 /* CommentsVC.swift */,
			);
			name = Controller;
			sourceTree = "<group>";
		};
		8CB63A9E1E897FA800833C0B /* Utilities */ = {
			isa = PBXGroup;
			children = (
				8CB63AA01E897FE500833C0B /* Constants.swift */,
			);
			name = Utilities;
			sourceTree = "<group>";
		};
		8CB63A9F1E897FB100833C0B /* Resources */ = {
			isa = PBXGroup;
			children = (
				8C46936F1F6011C00040CE86 /* CatChatPrivacyPolicy.txt */,
				8CB63A9A1E895E2300833C0B /* Albondigas.ttf */,
			);
			name = Resources;
			sourceTree = "<group>";
		};
		8CB63AB21E8BAC0C00833C0B /* Services */ = {
			isa = PBXGroup;
			children = (
				8CB63AB31E8BAC2800833C0B /* DataService.swift */,
			);
			name = Services;
			sourceTree = "<group>";
		};
		A88240D111490A97BA4F9E6D /* Pods */ = {
			isa = PBXGroup;
			children = (
				BFAA7260216BCC5F799858AA /* Pods-Social.debug.xcconfig */,
				1D7E849D5D543D079B7D1F4B /* Pods-Social.release.xcconfig */,
			);
			name = Pods;
			sourceTree = "<group>";
		};
/* End PBXGroup section */

/* Begin PBXNativeTarget section */
		8CB63A7D1E894F3A00833C0B /* Social */ = {
			isa = PBXNativeTarget;
			buildConfigurationList = 8CB63A901E894F3A00833C0B /* Build configuration list for PBXNativeTarget "Social" */;
			buildPhases = (
				9B679E69D27C03701C0A8664 /* [CP] Check Pods Manifest.lock */,
				8CB63A7A1E894F3A00833C0B /* Sources */,
				8CB63A7B1E894F3A00833C0B /* Frameworks */,
				8CB63A7C1E894F3A00833C0B /* Resources */,
				463A2687314D9C70E05F1B9C /* [CP] Embed Pods Frameworks */,
				B38FC8C537D3B2D19D3A18E6 /* [CP] Copy Pods Resources */,
			);
			buildRules = (
			);
			dependencies = (
			);
			name = Social;
			productName = Social;
			productReference = 8CB63A7E1E894F3A00833C0B /* Social.app */;
			productType = "com.apple.product-type.application";
		};
/* End PBXNativeTarget section */

/* Begin PBXProject section */
		8CB63A761E894F3900833C0B /* Project object */ = {
			isa = PBXProject;
			attributes = {
				LastSwiftUpdateCheck = 0820;
				LastUpgradeCheck = 0820;
				ORGANIZATIONNAME = "Trevor Lyons";
				TargetAttributes = {
					8CB63A7D1E894F3A00833C0B = {
						CreatedOnToolsVersion = 8.2.1;
						DevelopmentTeam = WZZ5MUDVKJ;
						ProvisioningStyle = Automatic;
						SystemCapabilities = {
							com.apple.Keychain = {
								enabled = 1;
							};
						};
					};
				};
			};
			buildConfigurationList = 8CB63A791E894F3900833C0B /* Build configuration list for PBXProject "Social" */;
			compatibilityVersion = "Xcode 3.2";
			developmentRegion = English;
			hasScannedForEncodings = 0;
			knownRegions = (
				en,
				Base,
			);
			mainGroup = 8CB63A751E894F3900833C0B;
			productRefGroup = 8CB63A7F1E894F3A00833C0B /* Products */;
			projectDirPath = "";
			projectRoot = "";
			targets = (
				8CB63A7D1E894F3A00833C0B /* Social */,
			);
		};
/* End PBXProject section */

/* Begin PBXResourcesBuildPhase section */
		8CB63A7C1E894F3A00833C0B /* Resources */ = {
			isa = PBXResourcesBuildPhase;
			buildActionMask = 2147483647;
			files = (
				8CB63A9B1E895E2300833C0B /* Albondigas.ttf in Resources */,
				8CB63A8C1E894F3A00833C0B /* LaunchScreen.storyboard in Resources */,
				8CB63A941E894FF400833C0B /* GoogleService-Info.plist in Resources */,
				8CB63A891E894F3A00833C0B /* Assets.xcassets in Resources */,
				8C4693701F6011C00040CE86 /* CatChatPrivacyPolicy.txt in Resources */,
				8CB63A871E894F3A00833C0B /* Main.storyboard in Resources */,
			);
			runOnlyForDeploymentPostprocessing = 0;
		};
/* End PBXResourcesBuildPhase section */

/* Begin PBXShellScriptBuildPhase section */
		463A2687314D9C70E05F1B9C /* [CP] Embed Pods Frameworks */ = {
			isa = PBXShellScriptBuildPhase;
			buildActionMask = 2147483647;
			files = (
			);
			inputPaths = (
			);
			name = "[CP] Embed Pods Frameworks";
			outputPaths = (
			);
			runOnlyForDeploymentPostprocessing = 0;
			shellPath = /bin/sh;
			shellScript = "\"${SRCROOT}/Pods/Target Support Files/Pods-Social/Pods-Social-frameworks.sh\"\n";
			showEnvVarsInLog = 0;
		};
		9B679E69D27C03701C0A8664 /* [CP] Check Pods Manifest.lock */ = {
			isa = PBXShellScriptBuildPhase;
			buildActionMask = 2147483647;
			files = (
			);
			inputPaths = (
			);
			name = "[CP] Check Pods Manifest.lock";
			outputPaths = (
			);
			runOnlyForDeploymentPostprocessing = 0;
			shellPath = /bin/sh;
			shellScript = "diff \"${PODS_ROOT}/../Podfile.lock\" \"${PODS_ROOT}/Manifest.lock\" > /dev/null\nif [ $? != 0 ] ; then\n    # print error to STDERR\n    echo \"error: The sandbox is not in sync with the Podfile.lock. Run 'pod install' or update your CocoaPods installation.\" >&2\n    exit 1\nfi\n";
			showEnvVarsInLog = 0;
		};
		B38FC8C537D3B2D19D3A18E6 /* [CP] Copy Pods Resources */ = {
			isa = PBXShellScriptBuildPhase;
			buildActionMask = 2147483647;
			files = (
			);
			inputPaths = (
			);
			name = "[CP] Copy Pods Resources";
			outputPaths = (
			);
			runOnlyForDeploymentPostprocessing = 0;
			shellPath = /bin/sh;
			shellScript = "\"${SRCROOT}/Pods/Target Support Files/Pods-Social/Pods-Social-resources.sh\"\n";
			showEnvVarsInLog = 0;
		};
/* End PBXShellScriptBuildPhase section */

/* Begin PBXSourcesBuildPhase section */
		8CB63A7A1E894F3A00833C0B /* Sources */ = {
			isa = PBXSourcesBuildPhase;
			buildActionMask = 2147483647;
			files = (
				8CB63AAF1E8A7E1E00833C0B /* CircleView.swift in Sources */,
				8CB63AA51E89834000833C0B /* FancyField.swift in Sources */,
				8C9D29761F442D9D00C95BC7 /* UserProfileVC.swift in Sources */,
				8CB63A841E894F3A00833C0B /* SignInVC.swift in Sources */,
				8C46936E1F5EE3850040CE86 /* ShadowSortView.swift in Sources */,
				8C9D296C1F41A29800C95BC7 /* RoundView.swift in Sources */,
				8C9D29721F43333C00C95BC7 /* ShadowView.swift in Sources */,
				8CB63AB61E8BD53100833C0B /* Post.swift in Sources */,
				8CB63ABA1E91025700833C0B /* AccountSetupVC.swift in Sources */,
				8CB63AA31E8981B600833C0B /* RoundButton.swift in Sources */,
				8CB63AA71E89846C00833C0B /* FancyButton.swift in Sources */,
				8C46936C1F5DC8060040CE86 /* Comment.swift in Sources */,
				8C9D296E1F4305DB00C95BC7 /* RoundedCnrView.swift in Sources */,
				8C9D296A1F3F407C00C95BC7 /* EmailSignInVC.swift in Sources */,
				8CB63AB41E8BAC2800833C0B /* DataService.swift in Sources */,
				8C9D297A1F443EB100C95BC7 /* TextViewStyle.swift in Sources */,
				8CB63AAD1E8A6D0700833C0B /* FeedVC.swift in Sources */,
				8C9D29741F43471800C95BC7 /* addPostVC.swift in Sources */,
				8CB63A821E894F3A00833C0B /* AppDelegate.swift in Sources */,
				8CB63A9D1E897F2300833C0B /* FancyView.swift in Sources */,
				8CB63AA11E897FE500833C0B /* Constants.swift in Sources */,
				8CB63AB11E8AAEEB00833C0B /* PostCell.swift in Sources */,
				8C9D297C1F4457D300C95BC7 /* RoundedCnrImg.swift in Sources */,
				8CB63AB81E91014500833C0B /* HeaderView.swift in Sources */,
				8C2A2E591E94F04300537575 /* CommentsVC.swift in Sources */,
				8C4693691F5D95BA0040CE86 /* CommentCell.swift in Sources */,
			);
			runOnlyForDeploymentPostprocessing = 0;
		};
/* End PBXSourcesBuildPhase section */

/* Begin PBXVariantGroup section */
		8CB63A851E894F3A00833C0B /* Main.storyboard */ = {
			isa = PBXVariantGroup;
			children = (
				8CB63A861E894F3A00833C0B /* Base */,
			);
			name = Main.storyboard;
			sourceTree = "<group>";
		};
		8CB63A8A1E894F3A00833C0B /* LaunchScreen.storyboard */ = {
			isa = PBXVariantGroup;
			children = (
				8CB63A8B1E894F3A00833C0B /* Base */,
			);
			name = LaunchScreen.storyboard;
			sourceTree = "<group>";
		};
/* End PBXVariantGroup section */

/* Begin XCBuildConfiguration section */
		8CB63A8E1E894F3A00833C0B /* Debug */ = {
			isa = XCBuildConfiguration;
			buildSettings = {
				ALWAYS_SEARCH_USER_PATHS = NO;
				CLANG_ANALYZER_NONNULL = YES;
				CLANG_CXX_LANGUAGE_STANDARD = "gnu++0x";
				CLANG_CXX_LIBRARY = "libc++";
				CLANG_ENABLE_MODULES = YES;
				CLANG_ENABLE_OBJC_ARC = YES;
				CLANG_WARN_BOOL_CONVERSION = YES;
				CLANG_WARN_CONSTANT_CONVERSION = YES;
				CLANG_WARN_DIRECT_OBJC_ISA_USAGE = YES_ERROR;
				CLANG_WARN_DOCUMENTATION_COMMENTS = YES;
				CLANG_WARN_EMPTY_BODY = YES;
				CLANG_WARN_ENUM_CONVERSION = YES;
				CLANG_WARN_INFINITE_RECURSION = YES;
				CLANG_WARN_INT_CONVERSION = YES;
				CLANG_WARN_OBJC_ROOT_CLASS = YES_ERROR;
				CLANG_WARN_SUSPICIOUS_MOVE = YES;
				CLANG_WARN_UNREACHABLE_CODE = YES;
				CLANG_WARN__DUPLICATE_METHOD_MATCH = YES;
				"CODE_SIGN_IDENTITY[sdk=iphoneos*]" = "iPhone Developer";
				COPY_PHASE_STRIP = NO;
				DEBUG_INFORMATION_FORMAT = dwarf;
				ENABLE_STRICT_OBJC_MSGSEND = YES;
				ENABLE_TESTABILITY = YES;
				GCC_C_LANGUAGE_STANDARD = gnu99;
				GCC_DYNAMIC_NO_PIC = NO;
				GCC_NO_COMMON_BLOCKS = YES;
				GCC_OPTIMIZATION_LEVEL = 0;
				GCC_PREPROCESSOR_DEFINITIONS = (
					"DEBUG=1",
					"$(inherited)",
				);
				GCC_WARN_64_TO_32_BIT_CONVERSION = YES;
				GCC_WARN_ABOUT_RETURN_TYPE = YES_ERROR;
				GCC_WARN_UNDECLARED_SELECTOR = YES;
				GCC_WARN_UNINITIALIZED_AUTOS = YES_AGGRESSIVE;
				GCC_WARN_UNUSED_FUNCTION = YES;
				GCC_WARN_UNUSED_VARIABLE = YES;
				IPHONEOS_DEPLOYMENT_TARGET = 10.2;
				MTL_ENABLE_DEBUG_INFO = YES;
				ONLY_ACTIVE_ARCH = YES;
				SDKROOT = iphoneos;
				SWIFT_ACTIVE_COMPILATION_CONDITIONS = DEBUG;
				SWIFT_OPTIMIZATION_LEVEL = "-Onone";
				TARGETED_DEVICE_FAMILY = "1,2";
			};
			name = Debug;
		};
		8CB63A8F1E894F3A00833C0B /* Release */ = {
			isa = XCBuildConfiguration;
			buildSettings = {
				ALWAYS_SEARCH_USER_PATHS = NO;
				CLANG_ANALYZER_NONNULL = YES;
				CLANG_CXX_LANGUAGE_STANDARD = "gnu++0x";
				CLANG_CXX_LIBRARY = "libc++";
				CLANG_ENABLE_MODULES = YES;
				CLANG_ENABLE_OBJC_ARC = YES;
				CLANG_WARN_BOOL_CONVERSION = YES;
				CLANG_WARN_CONSTANT_CONVERSION = YES;
				CLANG_WARN_DIRECT_OBJC_ISA_USAGE = YES_ERROR;
				CLANG_WARN_DOCUMENTATION_COMMENTS = YES;
				CLANG_WARN_EMPTY_BODY = YES;
				CLANG_WARN_ENUM_CONVERSION = YES;
				CLANG_WARN_INFINITE_RECURSION = YES;
				CLANG_WARN_INT_CONVERSION = YES;
				CLANG_WARN_OBJC_ROOT_CLASS = YES_ERROR;
				CLANG_WARN_SUSPICIOUS_MOVE = YES;
				CLANG_WARN_UNREACHABLE_CODE = YES;
				CLANG_WARN__DUPLICATE_METHOD_MATCH = YES;
				"CODE_SIGN_IDENTITY[sdk=iphoneos*]" = "iPhone Developer";
				COPY_PHASE_STRIP = NO;
				DEBUG_INFORMATION_FORMAT = "dwarf-with-dsym";
				ENABLE_NS_ASSERTIONS = NO;
				ENABLE_STRICT_OBJC_MSGSEND = YES;
				GCC_C_LANGUAGE_STANDARD = gnu99;
				GCC_NO_COMMON_BLOCKS = YES;
				GCC_WARN_64_TO_32_BIT_CONVERSION = YES;
				GCC_WARN_ABOUT_RETURN_TYPE = YES_ERROR;
				GCC_WARN_UNDECLARED_SELECTOR = YES;
				GCC_WARN_UNINITIALIZED_AUTOS = YES_AGGRESSIVE;
				GCC_WARN_UNUSED_FUNCTION = YES;
				GCC_WARN_UNUSED_VARIABLE = YES;
				IPHONEOS_DEPLOYMENT_TARGET = 10.2;
				MTL_ENABLE_DEBUG_INFO = NO;
				SDKROOT = iphoneos;
				SWIFT_OPTIMIZATION_LEVEL = "-Owholemodule";
				TARGETED_DEVICE_FAMILY = "1,2";
				VALIDATE_PRODUCT = YES;
			};
			name = Release;
		};
		8CB63A911E894F3A00833C0B /* Debug */ = {
			isa = XCBuildConfiguration;
			baseConfigurationReference = BFAA7260216BCC5F799858AA /* Pods-Social.debug.xcconfig */;
			buildSettings = {
				ASSETCATALOG_COMPILER_APPICON_NAME = AppIcon;
				CODE_SIGN_ENTITLEMENTS = Social/Social.entitlements;
				DEVELOPMENT_TEAM = WZZ5MUDVKJ;
				FRAMEWORK_SEARCH_PATHS = (
					"$(inherited)",
					"$(PROJECT_DIR)/Social",
				);
				INFOPLIST_FILE = Social/Info.plist;
				LD_RUNPATH_SEARCH_PATHS = "$(inherited) @executable_path/Frameworks";
				PRODUCT_BUNDLE_IDENTIFIER = com.Trevorsapps.Social;
				PRODUCT_NAME = "$(TARGET_NAME)";
				SWIFT_VERSION = 3.0;
				TARGETED_DEVICE_FAMILY = 1;
			};
			name = Debug;
		};
		8CB63A921E894F3A00833C0B /* Release */ = {
			isa = XCBuildConfiguration;
			baseConfigurationReference = 1D7E849D5D543D079B7D1F4B /* Pods-Social.release.xcconfig */;
			buildSettings = {
				ASSETCATALOG_COMPILER_APPICON_NAME = AppIcon;
				CODE_SIGN_ENTITLEMENTS = Social/Social.entitlements;
				DEVELOPMENT_TEAM = WZZ5MUDVKJ;
				FRAMEWORK_SEARCH_PATHS = (
					"$(inherited)",
					"$(PROJECT_DIR)/Social",
				);
				INFOPLIST_FILE = Social/Info.plist;
				LD_RUNPATH_SEARCH_PATHS = "$(inherited) @executable_path/Frameworks";
				PRODUCT_BUNDLE_IDENTIFIER = com.Trevorsapps.Social;
				PRODUCT_NAME = "$(TARGET_NAME)";
				SWIFT_VERSION = 3.0;
				TARGETED_DEVICE_FAMILY = 1;
			};
			name = Release;
		};
/* End XCBuildConfiguration section */

/* Begin XCConfigurationList section */
		8CB63A791E894F3900833C0B /* Build configuration list for PBXProject "Social" */ = {
			isa = XCConfigurationList;
			buildConfigurations = (
				8CB63A8E1E894F3A00833C0B /* Debug */,
				8CB63A8F1E894F3A00833C0B /* Release */,
			);
			defaultConfigurationIsVisible = 0;
			defaultConfigurationName = Release;
		};
		8CB63A901E894F3A00833C0B /* Build configuration list for PBXNativeTarget "Social" */ = {
			isa = XCConfigurationList;
			buildConfigurations = (
				8CB63A911E894F3A00833C0B /* Debug */,
				8CB63A921E894F3A00833C0B /* Release */,
			);
			defaultConfigurationIsVisible = 0;
			defaultConfigurationName = Release;
		};
/* End XCConfigurationList section */
	};
	rootObject = 8CB63A761E894F3900833C0B /* Project object */;
}
